
Microsoft Visual Studio Solution File, Format Version 12.00
# Visual Studio Version 17
VisualStudioVersion = 17.14.37111.16
MinimumVisualStudioVersion = 10.0.40219.1
Project("{FAE04EC0-301F-11D3-BF4B-00C04F79EFBC}") = "DotNetCoreWebAPI", "DotNetCoreWebAPI\DotNetCoreWebAPI.csproj", "{64DC35B5-6E8C-4995-8218-A48C06AB6B07}"
EndProject
Project("{FAE04EC0-301F-11D3-BF4B-00C04F79EFBC}") = "TestProject", "TestProject\TestProject.csproj", "{7831B6B4-18B8-49BC-976B-654E38C69717}"
EndProject
Global
	GlobalSection(SolutionConfigurationPlatforms) = preSolution
		Debug|Any CPU = Debug|Any CPU
		Release|Any CPU = Release|Any CPU
	EndGlobalSection
	GlobalSection(ProjectConfigurationPlatforms) = postSolution
		{64DC35B5-6E8C-4995-8218-A48C06AB6B07}.Debug|Any CPU.ActiveCfg = Debug|Any CPU
		{64DC35B5-6E8C-4995-8218-A48C06AB6B07}.Debug|Any CPU.Build.0 = Debug|Any CPU
		{64DC35B5-6E8C-4995-8218-A48C06AB6B07}.Release|Any CPU.ActiveCfg = Release|Any CPU
		{64DC35B5-6E8C-4995-8218-A48C06AB6B07}.Release|Any CPU.Build.0 = Release|Any CPU
		{7831B6B4-18B8-49BC-976B-654E38C69717}.Debug|Any CPU.ActiveCfg = Debug|Any CPU
		{7831B6B4-18B8-49BC-976B-654E38C69717}.Debug|Any CPU.Build.0 = Debug|Any CPU
		{7831B6B4-18B8-49BC-976B-654E38C69717}.Release|Any CPU.ActiveCfg = Release|Any CPU
		{7831B6B4-18B8-49BC-976B-654E38C69717}.Release|Any CPU.Build.0 = Release|Any CPU
	EndGlobalSection
	GlobalSection(SolutionProperties) = preSolution
		HideSolutionNode = FALSE
	EndGlobalSection
	GlobalSection(ExtensibilityGlobals) = postSolution
		SolutionGuid = {F665BCEB-804B-4879-9999-FBD8C98E2426}
	EndGlobalSection
EndGlobal
